
Microsoft Visual Studio Solution File, Format Version 12.00
# Visual Studio Version 16
VisualStudioVersion = 16.0.32602.291
MinimumVisualStudioVersion = 10.0.40219.1
Project("{8BC9CEB8-8B4A-11D0-8D11-00A0C91BC942}") = "Fractal Creator", "Fractal Creator\Fractal Creator.vcxproj", "{5BF9503C-D701-4A4E-8D94-04B655913BA3}"
EndProject
Global
	GlobalSection(SolutionConfigurationPlatforms) = preSolution
		Debug|x64 = Debug|x64
		Debug|x86 = Debug|x86
		Release|x64 = Release|x64
		Release|x86 = Release|x86
	EndGlobalSection
	GlobalSection(ProjectConfigurationPlatforms) = postSolution
		{5BF9503C-D701-4A4E-8D94-04B655913BA3}.Debug|x64.ActiveCfg = Debug|x64
		{5BF9503C-D701-4A4E-8D94-04B655913BA3}.Debug|x64.Build.0 = Debug|x64
		{5BF9503C-D701-4A4E-8D94-04B655913BA3}.Debug|x86.ActiveCfg = Debug|Win32
		{5BF9503C-D701-4A4E-8D94-04B655913BA3}.Debug|x86.Build.0 = Debug|Win32
		{5BF9503C-D701-4A4E-8D94-04B655913BA3}.Release|x64.ActiveCfg = Release|x64
		{5BF9503C-D701-4A4E-8D94-04B655913BA3}.Release|x64.Build.0 = Release|x64
		{5BF9503C-D701-4A4E-8D94-04B655913BA3}.Release|x86.ActiveCfg = Release|Win32
		{5BF9503C-D701-4A4E-8D94-04B655913BA3}.Release|x86.Build.0 = Release|Win32
	EndGlobalSection
	GlobalSection(SolutionProperties) = preSolution
		HideSolutionNode = FALSE
	EndGlobalSection
	GlobalSection(ExtensibilityGlobals) = postSolution
		SolutionGuid = {713E5389-1282-4C63-BF69-4B76F4547B35}
	EndGlobalSection
EndGlobal
